
Microsoft Visual Studio Solution File, Format Version 12.00
# Visual Studio Version 16
VisualStudioVersion = 16.0.31624.102
MinimumVisualStudioVersion = 10.0.40219.1
Project("{FAE04EC0-301F-11D3-BF4B-00C04F79EFBC}") = "DocsifySidebarUpdaterV2", "DocsifySidebarUpdaterV2.csproj", "{69EBCD6A-E246-4709-8AB5-7C0F928D446B}"
EndProject
Global
	GlobalSection(SolutionConfigurationPlatforms) = preSolution
		Debug|Any CPU = Debug|Any CPU
		Release|Any CPU = Release|Any CPU
	EndGlobalSection
	GlobalSection(ProjectConfigurationPlatforms) = postSolution
		{69EBCD6A-E246-4709-8AB5-7C0F928D446B}.Debug|Any CPU.ActiveCfg = Debug|Any CPU
		{69EBCD6A-E246-4709-8AB5-7C0F928D446B}.Debug|Any CPU.Build.0 = Debug|Any CPU
		{69EBCD6A-E246-4709-8AB5-7C0F928D446B}.Release|Any CPU.ActiveCfg = Release|Any CPU
		{69EBCD6A-E246-4709-8AB5-7C0F928D446B}.Release|Any CPU.Build.0 = Release|Any CPU
	EndGlobalSection
	GlobalSection(SolutionProperties) = preSolution
		HideSolutionNode = FALSE
	EndGlobalSection
	GlobalSection(ExtensibilityGlobals) = postSolution
		SolutionGuid = {E47F5093-CB51-4271-81F6-C073B9073919}
	EndGlobalSection
EndGlobal
